PODS:
  - AudioPackBridge (1.0.0):
    - Capacitor
  - Capacitor (6.2.1):
    - CapacitorCordova
  - CapacitorApp (6.0.3):
    - Capacitor
  - CapacitorCordova (6.2.1)
  - CapacitorPreferences (6.0.4):
    - Capacitor
  - CapacitorShare (6.0.4):
    - Capacitor
  - CapacitorSplashScreen (6.0.4):
    - Capacitor

DEPENDENCIES:
  - AudioPackBridge (from `../../audio-pack-bridge`)
  - "Capacitor (from `../../node_modules/@capacitor/ios`)"
  - "CapacitorApp (from `../../node_modules/@capacitor/app`)"
  - "CapacitorCordova (from `../../node_modules/@capacitor/ios`)"
  - "CapacitorPreferences (from `../../node_modules/@capacitor/preferences`)"
  - "CapacitorShare (from `../../node_modules/@capacitor/share`)"
  - "CapacitorSplashScreen (from `../../node_modules/@capacitor/splash-screen`)"

EXTERNAL SOURCES:
  AudioPackBridge:
    :path: "../../audio-pack-bridge"
  Capacitor:
    :path: "../../node_modules/@capacitor/ios"
  CapacitorApp:
    :path: "../../node_modules/@capacitor/app"
  CapacitorCordova:
    :path: "../../node_modules/@capacitor/ios"
  CapacitorPreferences:
    :path: "../../node_modules/@capacitor/preferences"
  CapacitorShare:
    :path: "../../node_modules/@capacitor/share"
  CapacitorSplashScreen:
    :path: "../../node_modules/@capacitor/splash-screen"

SPEC CHECKSUMS:
  AudioPackBridge: 92d8d37f6a87c3f013b2f45600ada30bfc503c44
  Capacitor: c95400d761e376be9da6be5a05f226c0e865cebf
  CapacitorApp: a19ccb4f5f32d2534be5c6f524d5a9b614a1e8a7
  CapacitorCordova: 8d93e14982f440181be7304aa9559ca631d77fff
  CapacitorPreferences: 5848e0691b36b4bb4acc98e481ab56d451578d30
  CapacitorShare: 77ff779e3b7c6ae9fb5461e52cf7ef805d429491
  CapacitorSplashScreen: ef140a8b1ea7244e0c245ce2dd4ce5251e7ab86a

PODFILE CHECKSUM: b296be00ac1e8c0eaba296ff9c31a8d009fb3e51

COCOAPODS: 1.16.2
