// !$*UTF8*$!
{
	archiveVersion = 1;
	classes = {
	};
	objectVersion = 75;
	objects = {

/* Begin PBXBuildFile section */
		2FAD9763203C412B000D30F8 /* config.xml in Resources */ = {isa = PBXBuildFile; fileRef = 2FAD9762203C412B000D30F8 /* config.xml */; };
		50379B232058CBB4000EE86E /* capacitor.config.json in Resources */ = {isa = PBXBuildFile; fileRef = 50379B222058CBB4000EE86E /* capacitor.config.json */; };
		504EC3081FED79650016851F /* AppDelegate.swift in Sources */ = {isa = PBXBuildFile; fileRef = 504EC3071FED79650016851F /* AppDelegate.swift */; };
		504EC30D1FED79650016851F /* Main.storyboard in Resources */ = {isa = PBXBuildFile; fileRef = 504EC30B1FED79650016851F /* Main.storyboard */; };
		504EC30F1FED79650016851F /* Assets.xcassets in Resources */ = {isa = PBXBuildFile; fileRef = 504EC30E1FED79650016851F /* Assets.xcassets */; };
		504EC3121FED79650016851F /* LaunchScreen.storyboard in Resources */ = {isa = PBXBuildFile; fileRef = 504EC3101FED79650016851F /* LaunchScreen.storyboard */; };
		50B271D11FEDC1A000F3C39B /* public in Resources */ = {isa = PBXBuildFile; fileRef = 50B271D01FEDC1A000F3C39B /* public */; };
		A084ECDBA7D38E1E42DFC39D /* Pods_App.framework in Frameworks */ = {isa = PBXBuildFile; fileRef = AF277DCFFFF123FFC6DF26C7 /* Pods_App.framework */; };
/* End PBXBuildFile section */

/* Begin PBXFileReference section */
		2FAD9762203C412B000D30F8 /* config.xml */ = {isa = PBXFileReference; lastKnownFileType = text.xml; path = config.xml; sourceTree = "<group>"; };
		50379B222058CBB4000EE86E /* capacitor.config.json */ = {isa = PBXFileReference; fileEncoding = 4; lastKnownFileType = text.json; path = capacitor.config.json; sourceTree = "<group>"; };
		504EC3041FED79650016851F /* App.app */ = {isa = PBXFileReference; explicitFileType = wrapper.application; includeInIndex = 0; path = App.app; sourceTree = BUILT_PRODUCTS_DIR; };
		504EC3071FED79650016851F /* AppDelegate.swift */ = {isa = PBXFileReference; lastKnownFileType = sourcecode.swift; path = AppDelegate.swift; sourceTree = "<group>"; };
		504EC30C1FED79650016851F /* Base */ = {isa = PBXFileReference; lastKnownFileType = file.storyboard; name = Base; path = Base.lproj/Main.storyboard; sourceTree = "<group>"; };
		504EC30E1FED79650016851F /* Assets.xcassets */ = {isa = PBXFileReference; lastKnownFileType = folder.assetcatalog; path = Assets.xcassets; sourceTree = "<group>"; };
		504EC3111FED79650016851F /* Base */ = {isa = PBXFileReference; lastKnownFileType = file.storyboard; name = Base; path = Base.lproj/LaunchScreen.storyboard; sourceTree = "<group>"; };
		504EC3131FED79650016851F /* Info.plist */ = {isa = PBXFileReference; lastKnownFileType = text.plist.xml; path = Info.plist; sourceTree = "<group>"; };
		50B271D01FEDC1A000F3C39B /* public */ = {isa = PBXFileReference; lastKnownFileType = folder; path = public; sourceTree = "<group>"; };
		AF277DCFFFF123FFC6DF26C7 /* Pods_App.framework */ = {isa = PBXFileReference; explicitFileType = wrapper.framework; includeInIndex = 0; path = Pods_App.framework; sourceTree = BUILT_PRODUCTS_DIR; };
		AF51FD2D460BCFE21FA515B2 /* Pods-App.release.xcconfig */ = {isa = PBXFileReference; includeInIndex = 1; lastKnownFileType = text.xcconfig; name = "Pods-App.release.xcconfig"; path = "Pods/Target Support Files/Pods-App/Pods-App.release.xcconfig"; sourceTree = "<group>"; };
		FC68EB0AF532CFC21C3344DD /* Pods-App.debug.xcconfig */ = {isa = PBXFileReference; includeInIndex = 1; lastKnownFileType = text.xcconfig; name = "Pods-App.debug.xcconfig"; path = "Pods/Target Support Files/Pods-App/Pods-App.debug.xcconfig"; sourceTree = "<group>"; };
/* End PBXFileReference section */

/* Begin PBXFileSystemSynchronizedBuildFileExceptionSet section */
		5698FEE12FB32CAD000D59DD /* PBXFileSystemSynchronizedBuildFileExceptionSet */ = {
			isa = PBXFileSystemSynchronizedBuildFileExceptionSet;
			assetTagsByRelativePath = {
				fr_ch01_p000_female.mp3 = (
					audio_fr,
				);
				fr_ch01_p001_male.mp3 = (
					audio_fr,
				);
				fr_ch01_p002_male.mp3 = (
					audio_fr,
				);
				fr_ch01_p003_female.mp3 = (
					audio_fr,
				);
				fr_ch01_p004_male.mp3 = (
					audio_fr,
				);
				fr_ch01_p005_female.mp3 = (
					audio_fr,
				);
				fr_ch01_p006_narrator.mp3 = (
					audio_fr,
				);
				fr_ch02_p000_male.mp3 = (
					audio_fr,
				);
				fr_ch02_p001_female.mp3 = (
					audio_fr,
				);
				fr_ch02_p002_narrator.mp3 = (
					audio_fr,
				);
				fr_ch03_p000_narrator.mp3 = (
					audio_fr,
				);
				fr_ch03_p001_narrator.mp3 = (
					audio_fr,
				);
				fr_ch04_p000_male.mp3 = (
					audio_fr,
				);
				fr_ch04_p001_female.mp3 = (
					audio_fr,
				);
				fr_ch04_p002_male.mp3 = (
					audio_fr,
				);
				fr_ch04_p003_female.mp3 = (
					audio_fr,
				);
				fr_ch04_p004_male.mp3 = (
					audio_fr,
				);
				fr_ch04_p005_female.mp3 = (
					audio_fr,
				);
				fr_ch04_p006_male.mp3 = (
					audio_fr,
				);
				fr_ch04_p007_male.mp3 = (
					audio_fr,
				);
				fr_ch04_p008_female.mp3 = (
					audio_fr,
				);
				fr_ch04_p009_male.mp3 = (
					audio_fr,
				);
				fr_ch04_p010_female.mp3 = (
					audio_fr,
				);
				fr_ch04_p011_narrator.mp3 = (
					audio_fr,
				);
				fr_ch04_p012_narrator.mp3 = (
					audio_fr,
				);
				fr_ch05_p000_male.mp3 = (
					audio_fr,
				);
				fr_ch05_p001_male.mp3 = (
					audio_fr,
				);
				fr_ch05_p002_female.mp3 = (
					audio_fr,
				);
				fr_ch05_p003_male.mp3 = (
					audio_fr,
				);
				fr_ch05_p004_male.mp3 = (
					audio_fr,
				);
				fr_ch05_p005_narrator.mp3 = (
					audio_fr,
				);
				fr_ch05_p006_male.mp3 = (
					audio_fr,
				);
				fr_ch05_p007_female.mp3 = (
					audio_fr,
				);
				fr_ch05_p008_male.mp3 = (
					audio_fr,
				);
				fr_ch05_p009_female.mp3 = (
					audio_fr,
				);
				fr_ch05_p010_male.mp3 = (
					audio_fr,
				);
				fr_ch05_p011_female.mp3 = (
					audio_fr,
				);
				fr_ch05_p012_male.mp3 = (
					audio_fr,
				);
				fr_ch05_p013_female.mp3 = (
					audio_fr,
				);
				fr_ch05_p014_male.mp3 = (
					audio_fr,
				);
				fr_ch05_p015_female.mp3 = (
					audio_fr,
				);
				fr_ch05_p016_male.mp3 = (
					audio_fr,
				);
				fr_ch05_p017_female.mp3 = (
					audio_fr,
				);
				fr_ch05_p018_male.mp3 = (
					audio_fr,
				);
				fr_ch05_p019_female.mp3 = (
					audio_fr,
				);
				fr_ch05_p020_male.mp3 = (
					audio_fr,
				);
				fr_ch05_p021_female.mp3 = (
					audio_fr,
				);
				fr_ch05_p022_male.mp3 = (
					audio_fr,
				);
				fr_ch05_p023_female.mp3 = (
					audio_fr,
				);
				fr_ch05_p024_male.mp3 = (
					audio_fr,
				);
				fr_ch05_p025_female.mp3 = (
					audio_fr,
				);
				fr_ch06_p000_female.mp3 = (
					audio_fr,
				);
				fr_ch06_p001_male.mp3 = (
					audio_fr,
				);
				fr_ch06_p002_male.mp3 = (
					audio_fr,
				);
				fr_ch06_p003_female.mp3 = (
					audio_fr,
				);
				fr_ch06_p004_male.mp3 = (
					audio_fr,
				);
				fr_ch06_p005_narrator.mp3 = (
					audio_fr,
				);
				fr_ch06_p006_female.mp3 = (
					audio_fr,
				);
				fr_ch06_p007_male.mp3 = (
					audio_fr,
				);
				fr_ch06_p008_female.mp3 = (
					audio_fr,
				);
				fr_ch07_p000_female.mp3 = (
					audio_fr,
				);
				fr_ch07_p001_male.mp3 = (
					audio_fr,
				);
				fr_ch07_p002_female.mp3 = (
					audio_fr,
				);
				fr_ch07_p003_male.mp3 = (
					audio_fr,
				);
				fr_ch07_p004_female.mp3 = (
					audio_fr,
				);
				fr_ch07_p005_male.mp3 = (
					audio_fr,
				);
				fr_ch07_p006_female.mp3 = (
					audio_fr,
				);
				fr_ch07_p007_male.mp3 = (
					audio_fr,
				);
				fr_ch07_p008_female.mp3 = (
					audio_fr,
				);
				fr_ch07_p009_male.mp3 = (
					audio_fr,
				);
				fr_ch07_p010_female.mp3 = (
					audio_fr,
				);
				fr_ch07_p011_male.mp3 = (
					audio_fr,
				);
				fr_ch07_p012_female.mp3 = (
					audio_fr,
				);
				fr_ch07_p013_male.mp3 = (
					audio_fr,
				);
				fr_ch07_p014_female.mp3 = (
					audio_fr,
				);
				fr_ch07_p015_male.mp3 = (
					audio_fr,
				);
				fr_ch07_p016_female.mp3 = (
					audio_fr,
				);
				fr_ch07_p017_male.mp3 = (
					audio_fr,
				);
				fr_ch07_p018_female.mp3 = (
					audio_fr,
				);
				fr_ch07_p019_male.mp3 = (
					audio_fr,
				);
				fr_ch07_p020_female.mp3 = (
					audio_fr,
				);
				fr_ch07_p021_male.mp3 = (
					audio_fr,
				);
				fr_ch07_p022_female.mp3 = (
					audio_fr,
				);
				fr_ch07_p023_male.mp3 = (
					audio_fr,
				);
				fr_ch07_p024_female.mp3 = (
					audio_fr,
				);
				fr_ch07_p025_male.mp3 = (
					audio_fr,
				);
				fr_ch07_p026_female.mp3 = (
					audio_fr,
				);
				fr_ch07_p027_male.mp3 = (
					audio_fr,
				);
				fr_ch07_p028_female.mp3 = (
					audio_fr,
				);
				fr_ch07_p029_male.mp3 = (
					audio_fr,
				);
				fr_ch07_p030_male.mp3 = (
					audio_fr,
				);
				fr_ch07_p031_female.mp3 = (
					audio_fr,
				);
				fr_ch08_p000_male.mp3 = (
					audio_fr,
				);
				fr_ch08_p001_female.mp3 = (
					audio_fr,
				);
				fr_ch08_p002_male.mp3 = (
					audio_fr,
				);
				fr_ch08_p003_female.mp3 = (
					audio_fr,
				);
				fr_ch08_p004_male.mp3 = (
					audio_fr,
				);
				fr_ch08_p005_female.mp3 = (
					audio_fr,
				);
				fr_ch08_p006_male.mp3 = (
					audio_fr,
				);
				fr_ch08_p007_female.mp3 = (
					audio_fr,
				);
				fr_ch08_p008_male.mp3 = (
					audio_fr,
				);
				fr_ch08_p009_female.mp3 = (
					audio_fr,
				);
				fr_ch09_p000_narrator.mp3 = (
					audio_fr,
				);
				fr_ch09_p001_narrator.mp3 = (
					audio_fr,
				);
				fr_ch09_p002_narrator.mp3 = (
					audio_fr,
				);
				fr_ch09_p003_narrator.mp3 = (
					audio_fr,
				);
				fr_ch10_p000_female.mp3 = (
					audio_fr,
				);
				fr_ch10_p001_male.mp3 = (
					audio_fr,
				);
				fr_ch10_p002_narrator.mp3 = (
					audio_fr,
				);
				fr_ch10_p003_male.mp3 = (
					audio_fr,
				);
				fr_ch10_p004_female.mp3 = (
					audio_fr,
				);
				fr_ch10_p005_male.mp3 = (
					audio_fr,
				);
				fr_ch10_p006_female.mp3 = (
					audio_fr,
				);
				fr_ch10_p007_narrator.mp3 = (
					audio_fr,
				);
				fr_ch10_p008_male.mp3 = (
					audio_fr,
				);
				fr_ch10_p009_female.mp3 = (
					audio_fr,
				);
				fr_ch10_p010_male.mp3 = (
					audio_fr,
				);
				fr_ch10_p011_female.mp3 = (
					audio_fr,
				);
				fr_ch10_p012_male.mp3 = (
					audio_fr,
				);
				fr_ch10_p013_female.mp3 = (
					audio_fr,
				);
				fr_ch10_p014_narrator.mp3 = (
					audio_fr,
				);
				fr_ch10_p015_narrator.mp3 = (
					audio_fr,
				);
				fr_ch10_p016_narrator.mp3 = (
					audio_fr,
				);
				fr_ch11_p000_male.mp3 = (
					audio_fr,
				);
				fr_ch11_p001_female.mp3 = (
					audio_fr,
				);
				fr_ch11_p002_female.mp3 = (
					audio_fr,
				);
				fr_ch12_p000_male.mp3 = (
					audio_fr,
				);
				fr_ch12_p001_female.mp3 = (
					audio_fr,
				);
				fr_ch13_p000_male.mp3 = (
					audio_fr,
				);
				fr_ch13_p001_female.mp3 = (
					audio_fr,
				);
				fr_ch14_p000_male.mp3 = (
					audio_fr,
				);
				fr_ch14_p001_female.mp3 = (
					audio_fr,
				);
				fr_ch15_p000_male.mp3 = (
					audio_fr,
				);
				fr_ch15_p001_female.mp3 = (
					audio_fr,
				);
				fr_ch15_p002_male.mp3 = (
					audio_fr,
				);
				fr_ch15_p003_female.mp3 = (
					audio_fr,
				);
				fr_ch15_p004_male.mp3 = (
					audio_fr,
				);
				fr_ch15_p005_female.mp3 = (
					audio_fr,
				);
				fr_ch15_p006_male.mp3 = (
					audio_fr,
				);
				fr_ch15_p007_female.mp3 = (
					audio_fr,
				);
				fr_ch15_p008_male.mp3 = (
					audio_fr,
				);
				fr_ch15_p009_female.mp3 = (
					audio_fr,
				);
				fr_ch15_p010_male.mp3 = (
					audio_fr,
				);
				fr_ch15_p011_female.mp3 = (
					audio_fr,
				);
				fr_ch15_p012_male.mp3 = (
					audio_fr,
				);
				fr_ch15_p013_female.mp3 = (
					audio_fr,
				);
				fr_ch15_p014_male.mp3 = (
					audio_fr,
				);
				fr_ch16_p000_male.mp3 = (
					audio_fr,
				);
				fr_ch16_p001_female.mp3 = (
					audio_fr,
				);
				fr_ch16_p002_male.mp3 = (
					audio_fr,
				);
				fr_ch16_p003_female.mp3 = (
					audio_fr,
				);
				fr_ch16_p004_male.mp3 = (
					audio_fr,
				);
				fr_ch16_p005_female.mp3 = (
					audio_fr,
				);
				fr_ch16_p006_male.mp3 = (
					audio_fr,
				);
				fr_ch16_p007_female.mp3 = (
					audio_fr,
				);
				fr_ch16_p008_male.mp3 = (
					audio_fr,
				);
				fr_ch16_p009_female.mp3 = (
					audio_fr,
				);
				fr_ch17_p000_male.mp3 = (
					audio_fr,
				);
				fr_ch17_p001_female.mp3 = (
					audio_fr,
				);
				fr_ch18_p000_narrator.mp3 = (
					audio_fr,
				);
				fr_ch19_p000_narrator.mp3 = (
					audio_fr,
				);
				fr_ch19_p001_narrator.mp3 = (
					audio_fr,
				);
				fr_ch19_p002_narrator.mp3 = (
					audio_fr,
				);
				fr_ch20_p000_male.mp3 = (
					audio_fr,
				);
				fr_ch20_p001_female.mp3 = (
					audio_fr,
				);
				fr_ch21_p000_narrator.mp3 = (
					audio_fr,
				);
				fr_ch21_p001_female.mp3 = (
					audio_fr,
				);
				fr_ch21_p002_male.mp3 = (
					audio_fr,
				);
				fr_ch21_p003_female.mp3 = (
					audio_fr,
				);
				fr_ch21_p004_narrator.mp3 = (
					audio_fr,
				);
				fr_ch22_p000_male.mp3 = (
					audio_fr,
				);
				fr_ch22_p001_female.mp3 = (
					audio_fr,
				);
				fr_ch22_p002_male.mp3 = (
					audio_fr,
				);
				fr_ch22_p003_male.mp3 = (
					audio_fr,
				);
				fr_ch22_p004_female.mp3 = (
					audio_fr,
				);
				fr_ch22_p005_male.mp3 = (
					audio_fr,
				);
				fr_ch22_p006_narrator.mp3 = (
					audio_fr,
				);
				fr_ch22_p007_narrator.mp3 = (
					audio_fr,
				);
				fr_ch22_p008_narrator.mp3 = (
					audio_fr,
				);
				fr_ch22_p009_narrator.mp3 = (
					audio_fr,
				);
				fr_ch22_p010_narrator.mp3 = (
					audio_fr,
				);
				fr_ch22_p011_narrator.mp3 = (
					audio_fr,
				);
				fr_ch23_p000_male.mp3 = (
					audio_fr,
				);
				fr_ch23_p001_female.mp3 = (
					audio_fr,
				);
				fr_ch23_p002_narrator.mp3 = (
					audio_fr,
				);
				fr_ch23_p003_female.mp3 = (
					audio_fr,
				);
				fr_ch23_p004_male.mp3 = (
					audio_fr,
				);
				fr_ch23_p005_female.mp3 = (
					audio_fr,
				);
				fr_ch24_p000_male.mp3 = (
					audio_fr,
				);
				fr_ch24_p001_male.mp3 = (
					audio_fr,
				);
				fr_ch24_p002_female.mp3 = (
					audio_fr,
				);
				fr_ch24_p003_male.mp3 = (
					audio_fr,
				);
				fr_ch24_p004_female.mp3 = (
					audio_fr,
				);
				fr_ch24_p005_male.mp3 = (
					audio_fr,
				);
				fr_ch24_p006_female.mp3 = (
					audio_fr,
				);
				fr_ch24_p007_male.mp3 = (
					audio_fr,
				);
				fr_ch24_p008_female.mp3 = (
					audio_fr,
				);
				fr_ch24_p009_male.mp3 = (
					audio_fr,
				);
				fr_ch24_p010_female.mp3 = (
					audio_fr,
				);
				fr_ch24_p011_male.mp3 = (
					audio_fr,
				);
				fr_ch24_p012_female.mp3 = (
					audio_fr,
				);
				fr_ch24_p013_male.mp3 = (
					audio_fr,
				);
				fr_ch24_p014_female.mp3 = (
					audio_fr,
				);
				fr_ch24_p015_male.mp3 = (
					audio_fr,
				);
				fr_ch24_p016_female.mp3 = (
					audio_fr,
				);
				fr_ch24_p017_male.mp3 = (
					audio_fr,
				);
				fr_ch24_p018_female.mp3 = (
					audio_fr,
				);
				fr_ch24_p019_male.mp3 = (
					audio_fr,
				);
				fr_ch24_p020_female.mp3 = (
					audio_fr,
				);
				fr_ch24_p021_male.mp3 = (
					audio_fr,
				);
				fr_ch24_p022_female.mp3 = (
					audio_fr,
				);
				fr_ch24_p023_male.mp3 = (
					audio_fr,
				);
				fr_ch24_p024_female.mp3 = (
					audio_fr,
				);
				fr_ch25_p000_male.mp3 = (
					audio_fr,
				);
				fr_ch25_p001_female.mp3 = (
					audio_fr,
				);
				fr_ch25_p002_male.mp3 = (
					audio_fr,
				);
				fr_ch25_p003_female.mp3 = (
					audio_fr,
				);
				fr_ch25_p004_male.mp3 = (
					audio_fr,
				);
				fr_ch25_p005_female.mp3 = (
					audio_fr,
				);
				fr_ch25_p006_male.mp3 = (
					audio_fr,
				);
				fr_ch25_p007_female.mp3 = (
					audio_fr,
				);
				fr_ch25_p008_male.mp3 = (
					audio_fr,
				);
				fr_ch25_p009_narrator.mp3 = (
					audio_fr,
				);
				fr_ch25_p010_male.mp3 = (
					audio_fr,
				);
				fr_ch25_p011_male.mp3 = (
					audio_fr,
				);
				fr_ch25_p012_female.mp3 = (
					audio_fr,
				);
				fr_ch25_p013_male.mp3 = (
					audio_fr,
				);
				fr_ch25_p014_female.mp3 = (
					audio_fr,
				);
				fr_ch25_p015_narrator.mp3 = (
					audio_fr,
				);
				fr_ch25_p016_male.mp3 = (
					audio_fr,
				);
				fr_ch25_p017_female.mp3 = (
					audio_fr,
				);
				fr_ch25_p018_narrator.mp3 = (
					audio_fr,
				);
				fr_ch25_p019_narrator.mp3 = (
					audio_fr,
				);
				fr_ch25_p020_narrator.mp3 = (
					audio_fr,
				);
				fr_ch25_p021_female.mp3 = (
					audio_fr,
				);
				fr_ch26_p000_narrator.mp3 = (
					audio_fr,
				);
				fr_ch26_p001_narrator.mp3 = (
					audio_fr,
				);
				fr_ch26_p002_narrator.mp3 = (
					audio_fr,
				);
				fr_ch26_p003_narrator.mp3 = (
					audio_fr,
				);
				fr_ch27_p000_narrator.mp3 = (
					audio_fr,
				);
				fr_ch27_p001_narrator.mp3 = (
					audio_fr,
				);
				fr_ch27_p002_narrator.mp3 = (
					audio_fr,
				);
				fr_ch27_p003_narrator.mp3 = (
					audio_fr,
				);
				fr_ch27_p004_narrator.mp3 = (
					audio_fr,
				);
				fr_ch27_p005_narrator.mp3 = (
					audio_fr,
				);
				fr_ch27_p006_narrator.mp3 = (
					audio_fr,
				);
				fr_ch27_p007_narrator.mp3 = (
					audio_fr,
				);
				fr_ch27_p008_narrator.mp3 = (
					audio_fr,
				);
				fr_ch27_p009_narrator.mp3 = (
					audio_fr,
				);
				fr_ch27_p010_narrator.mp3 = (
					audio_fr,
				);
				fr_ch28_p000_narrator.mp3 = (
					audio_fr,
				);
				fr_ch28_p001_narrator.mp3 = (
					audio_fr,
				);
				fr_ch28_p002_narrator.mp3 = (
					audio_fr,
				);
				fr_ch28_p003_narrator.mp3 = (
					audio_fr,
				);
				fr_ch28_p004_narrator.mp3 = (
					audio_fr,
				);
				fr_ch28_p005_narrator.mp3 = (
					audio_fr,
				);
				fr_ch28_p006_narrator.mp3 = (
					audio_fr,
				);
				fr_ch29_p000_narrator.mp3 = (
					audio_fr,
				);
				fr_ch29_p001_narrator.mp3 = (
					audio_fr,
				);
				fr_ch29_p002_narrator.mp3 = (
					audio_fr,
				);
				fr_ch29_p003_narrator.mp3 = (
					audio_fr,
				);
				fr_ch29_p004_narrator.mp3 = (
					audio_fr,
				);
				fr_ch29_p005_narrator.mp3 = (
					audio_fr,
				);
				fr_ch29_p006_narrator.mp3 = (
					audio_fr,
				);
				fr_ch29_p007_narrator.mp3 = (
					audio_fr,
				);
				fr_ch30_p000_narrator.mp3 = (
					audio_fr,
				);
				fr_ch30_p001_narrator.mp3 = (
					audio_fr,
				);
				fr_ch30_p002_narrator.mp3 = (
					audio_fr,
				);
				fr_ch30_p003_male.mp3 = (
					audio_fr,
				);
				fr_ch30_p004_narrator.mp3 = (
					audio_fr,
				);
				fr_ch30_p005_narrator.mp3 = (
					audio_fr,
				);
				fr_ch30_p006_male.mp3 = (
					audio_fr,
				);
				fr_ch30_p007_narrator.mp3 = (
					audio_fr,
				);
				fr_ch30_p008_narrator.mp3 = (
					audio_fr,
				);
				fr_ch30_p009_narrator.mp3 = (
					audio_fr,
				);
				fr_ch30_p010_narrator.mp3 = (
					audio_fr,
				);
				fr_ch30_p011_narrator.mp3 = (
					audio_fr,
				);
				fr_ch31_p000_narrator.mp3 = (
					audio_fr,
				);
				fr_ch31_p001_narrator.mp3 = (
					audio_fr,
				);
				fr_ch32_p000_female.mp3 = (
					audio_fr,
				);
				fr_ch32_p001_female.mp3 = (
					audio_fr,
				);
				fr_ch32_p002_female.mp3 = (
					audio_fr,
				);
			};
			target = 504EC3031FED79650016851F /* App */;
		};
		5698FEE22FB32CC7000D59DD /* PBXFileSystemSynchronizedBuildFileExceptionSet */ = {
			isa = PBXFileSystemSynchronizedBuildFileExceptionSet;
			assetTagsByRelativePath = {
				hi_ch01_p000_female.mp3 = (
					audio_hi,
				);
				hi_ch01_p001_male.mp3 = (
					audio_hi,
				);
				hi_ch01_p002_male.mp3 = (
					audio_hi,
				);
				hi_ch01_p003_female.mp3 = (
					audio_hi,
				);
				hi_ch01_p004_male.mp3 = (
					audio_hi,
				);
				hi_ch01_p005_female.mp3 = (
					audio_hi,
				);
				hi_ch01_p006_narrator.mp3 = (
					audio_hi,
				);
				hi_ch02_p000_male.mp3 = (
					audio_hi,
				);
				hi_ch02_p001_female.mp3 = (
					audio_hi,
				);
				hi_ch02_p002_narrator.mp3 = (
					audio_hi,
				);
				hi_ch03_p000_narrator.mp3 = (
					audio_hi,
				);
				hi_ch03_p001_narrator.mp3 = (
					audio_hi,
				);
				hi_ch04_p000_male.mp3 = (
					audio_hi,
				);
				hi_ch04_p001_female.mp3 = (
					audio_hi,
				);
				hi_ch04_p002_male.mp3 = (
					audio_hi,
				);
				hi_ch04_p003_female.mp3 = (
					audio_hi,
				);
				hi_ch04_p004_male.mp3 = (
					audio_hi,
				);
				hi_ch04_p005_female.mp3 = (
					audio_hi,
				);
				hi_ch04_p006_male.mp3 = (
					audio_hi,
				);
				hi_ch04_p007_male.mp3 = (
					audio_hi,
				);
				hi_ch04_p008_female.mp3 = (
					audio_hi,
				);
				hi_ch04_p009_male.mp3 = (
					audio_hi,
				);
				hi_ch04_p010_female.mp3 = (
					audio_hi,
				);
				hi_ch04_p011_narrator.mp3 = (
					audio_hi,
				);
				hi_ch04_p012_narrator.mp3 = (
					audio_hi,
				);
				hi_ch05_p000_male.mp3 = (
					audio_hi,
				);
				hi_ch05_p001_male.mp3 = (
					audio_hi,
				);
				hi_ch05_p002_female.mp3 = (
					audio_hi,
				);
				hi_ch05_p003_male.mp3 = (
					audio_hi,
				);
				hi_ch05_p004_male.mp3 = (
					audio_hi,
				);
				hi_ch05_p005_narrator.mp3 = (
					audio_hi,
				);
				hi_ch05_p006_male.mp3 = (
					audio_hi,
				);
				hi_ch05_p007_female.mp3 = (
					audio_hi,
				);
				hi_ch05_p008_male.mp3 = (
					audio_hi,
				);
				hi_ch05_p009_female.mp3 = (
					audio_hi,
				);
				hi_ch05_p010_male.mp3 = (
					audio_hi,
				);
				hi_ch05_p011_female.mp3 = (
					audio_hi,
				);
				hi_ch05_p012_male.mp3 = (
					audio_hi,
				);
				hi_ch05_p013_female.mp3 = (
					audio_hi,
				);
				hi_ch05_p014_male.mp3 = (
					audio_hi,
				);
				hi_ch05_p015_female.mp3 = (
					audio_hi,
				);
				hi_ch05_p016_male.mp3 = (
					audio_hi,
				);
				hi_ch05_p017_female.mp3 = (
					audio_hi,
				);
				hi_ch05_p018_male.mp3 = (
					audio_hi,
				);
				hi_ch05_p019_female.mp3 = (
					audio_hi,
				);
				hi_ch05_p020_male.mp3 = (
					audio_hi,
				);
				hi_ch05_p021_female.mp3 = (
					audio_hi,
				);
				hi_ch05_p022_male.mp3 = (
					audio_hi,
				);
				hi_ch05_p023_female.mp3 = (
					audio_hi,
				);
				hi_ch05_p024_male.mp3 = (
					audio_hi,
				);
				hi_ch05_p025_female.mp3 = (
					audio_hi,
				);
				hi_ch06_p000_female.mp3 = (
					audio_hi,
				);
				hi_ch06_p001_male.mp3 = (
					audio_hi,
				);
				hi_ch06_p002_male.mp3 = (
					audio_hi,
				);
				hi_ch06_p003_female.mp3 = (
					audio_hi,
				);
				hi_ch06_p004_male.mp3 = (
					audio_hi,
				);
				hi_ch06_p005_narrator.mp3 = (
					audio_hi,
				);
				hi_ch06_p006_female.mp3 = (
					audio_hi,
				);
				hi_ch06_p007_male.mp3 = (
					audio_hi,
				);
				hi_ch06_p008_female.mp3 = (
					audio_hi,
				);
				hi_ch07_p000_female.mp3 = (
					audio_hi,
				);
				hi_ch07_p001_male.mp3 = (
					audio_hi,
				);
				hi_ch07_p002_female.mp3 = (
					audio_hi,
				);
				hi_ch07_p003_male.mp3 = (
					audio_hi,
				);
				hi_ch07_p004_female.mp3 = (
					audio_hi,
				);
				hi_ch07_p005_male.mp3 = (
					audio_hi,
				);
				hi_ch07_p006_female.mp3 = (
					audio_hi,
				);
				hi_ch07_p007_male.mp3 = (
					audio_hi,
				);
				hi_ch07_p008_female.mp3 = (
					audio_hi,
				);
				hi_ch07_p009_male.mp3 = (
					audio_hi,
				);
				hi_ch07_p010_female.mp3 = (
					audio_hi,
				);
				hi_ch07_p011_male.mp3 = (
					audio_hi,
				);
				hi_ch07_p012_female.mp3 = (
					audio_hi,
				);
				hi_ch07_p013_male.mp3 = (
					audio_hi,
				);
				hi_ch07_p014_female.mp3 = (
					audio_hi,
				);
				hi_ch07_p015_male.mp3 = (
					audio_hi,
				);
				hi_ch07_p016_female.mp3 = (
					audio_hi,
				);
				hi_ch07_p017_male.mp3 = (
					audio_hi,
				);
				hi_ch07_p018_female.mp3 = (
					audio_hi,
				);
				hi_ch07_p019_male.mp3 = (
					audio_hi,
				);
				hi_ch07_p020_female.mp3 = (
					audio_hi,
				);
				hi_ch07_p021_male.mp3 = (
					audio_hi,
				);
				hi_ch07_p022_female.mp3 = (
					audio_hi,
				);
				hi_ch07_p023_male.mp3 = (
					audio_hi,
				);
				hi_ch07_p024_female.mp3 = (
					audio_hi,
				);
				hi_ch07_p025_male.mp3 = (
					audio_hi,
				);
				hi_ch07_p026_female.mp3 = (
					audio_hi,
				);
				hi_ch07_p027_male.mp3 = (
					audio_hi,
				);
				hi_ch07_p028_female.mp3 = (
					audio_hi,
				);
				hi_ch07_p029_male.mp3 = (
					audio_hi,
				);
				hi_ch07_p030_male.mp3 = (
					audio_hi,
				);
				hi_ch07_p031_female.mp3 = (
					audio_hi,
				);
				hi_ch08_p000_male.mp3 = (
					audio_hi,
				);
				hi_ch08_p001_female.mp3 = (
					audio_hi,
				);
				hi_ch08_p002_male.mp3 = (
					audio_hi,
				);
				hi_ch08_p003_female.mp3 = (
					audio_hi,
				);
				hi_ch08_p004_male.mp3 = (
					audio_hi,
				);
				hi_ch08_p005_female.mp3 = (
					audio_hi,
				);
				hi_ch08_p006_male.mp3 = (
					audio_hi,
				);
				hi_ch08_p007_female.mp3 = (
					audio_hi,
				);
				hi_ch08_p008_male.mp3 = (
					audio_hi,
				);
				hi_ch08_p009_female.mp3 = (
					audio_hi,
				);
				hi_ch09_p000_narrator.mp3 = (
					audio_hi,
				);
				hi_ch09_p001_narrator.mp3 = (
					audio_hi,
				);
				hi_ch09_p002_narrator.mp3 = (
					audio_hi,
				);
				hi_ch09_p003_narrator.mp3 = (
					audio_hi,
				);
				hi_ch10_p000_female.mp3 = (
					audio_hi,
				);
				hi_ch10_p001_male.mp3 = (
					audio_hi,
				);
				hi_ch10_p002_narrator.mp3 = (
					audio_hi,
				);
				hi_ch10_p003_male.mp3 = (
					audio_hi,
				);
				hi_ch10_p004_female.mp3 = (
					audio_hi,
				);
				hi_ch10_p005_male.mp3 = (
					audio_hi,
				);
				hi_ch10_p006_female.mp3 = (
					audio_hi,
				);
				hi_ch10_p007_narrator.mp3 = (
					audio_hi,
				);
				hi_ch10_p008_male.mp3 = (
					audio_hi,
				);
				hi_ch10_p009_female.mp3 = (
					audio_hi,
				);
				hi_ch10_p010_male.mp3 = (
					audio_hi,
				);
				hi_ch10_p011_female.mp3 = (
					audio_hi,
				);
				hi_ch10_p012_male.mp3 = (
					audio_hi,
				);
				hi_ch10_p013_female.mp3 = (
					audio_hi,
				);
				hi_ch10_p014_narrator.mp3 = (
					audio_hi,
				);
				hi_ch10_p015_narrator.mp3 = (
					audio_hi,
				);
				hi_ch10_p016_narrator.mp3 = (
					audio_hi,
				);
				hi_ch11_p000_male.mp3 = (
					audio_hi,
				);
				hi_ch11_p001_female.mp3 = (
					audio_hi,
				);
				hi_ch11_p002_female.mp3 = (
					audio_hi,
				);
				hi_ch12_p000_male.mp3 = (
					audio_hi,
				);
				hi_ch12_p001_female.mp3 = (
					audio_hi,
				);
				hi_ch13_p000_male.mp3 = (
					audio_hi,
				);
				hi_ch13_p001_female.mp3 = (
					audio_hi,
				);
				hi_ch14_p000_male.mp3 = (
					audio_hi,
				);
				hi_ch14_p001_female.mp3 = (
					audio_hi,
				);
				hi_ch15_p000_male.mp3 = (
					audio_hi,
				);
				hi_ch15_p001_female.mp3 = (
					audio_hi,
				);
				hi_ch15_p002_male.mp3 = (
					audio_hi,
				);
				hi_ch15_p003_female.mp3 = (
					audio_hi,
				);
				hi_ch15_p004_male.mp3 = (
					audio_hi,
				);
				hi_ch15_p005_female.mp3 = (
					audio_hi,
				);
				hi_ch15_p006_male.mp3 = (
					audio_hi,
				);
				hi_ch15_p007_female.mp3 = (
					audio_hi,
				);
				hi_ch15_p008_male.mp3 = (
					audio_hi,
				);
				hi_ch15_p009_female.mp3 = (
					audio_hi,
				);
				hi_ch15_p010_male.mp3 = (
					audio_hi,
				);
				hi_ch15_p011_female.mp3 = (
					audio_hi,
				);
				hi_ch15_p012_male.mp3 = (
					audio_hi,
				);
				hi_ch15_p013_female.mp3 = (
					audio_hi,
				);
				hi_ch15_p014_male.mp3 = (
					audio_hi,
				);
				hi_ch16_p000_male.mp3 = (
					audio_hi,
				);
				hi_ch16_p001_female.mp3 = (
					audio_hi,
				);
				hi_ch16_p002_male.mp3 = (
					audio_hi,
				);
				hi_ch16_p003_female.mp3 = (
					audio_hi,
				);
				hi_ch16_p004_male.mp3 = (
					audio_hi,
				);
				hi_ch16_p005_female.mp3 = (
					audio_hi,
				);
				hi_ch16_p006_male.mp3 = (
					audio_hi,
				);
				hi_ch16_p007_female.mp3 = (
					audio_hi,
				);
				hi_ch16_p008_male.mp3 = (
					audio_hi,
				);
				hi_ch16_p009_female.mp3 = (
					audio_hi,
				);
				hi_ch17_p000_male.mp3 = (
					audio_hi,
				);
				hi_ch17_p001_female.mp3 = (
					audio_hi,
				);
				hi_ch18_p000_narrator.mp3 = (
					audio_hi,
				);
				hi_ch19_p000_narrator.mp3 = (
					audio_hi,
				);
				hi_ch19_p001_narrator.mp3 = (
					audio_hi,
				);
				hi_ch19_p002_narrator.mp3 = (
					audio_hi,
				);
				hi_ch20_p000_male.mp3 = (
					audio_hi,
				);
				hi_ch20_p001_female.mp3 = (
					audio_hi,
				);
				hi_ch21_p000_narrator.mp3 = (
					audio_hi,
				);
				hi_ch21_p001_female.mp3 = (
					audio_hi,
				);
				hi_ch21_p002_male.mp3 = (
					audio_hi,
				);
				hi_ch21_p003_female.mp3 = (
					audio_hi,
				);
				hi_ch21_p004_narrator.mp3 = (
					audio_hi,
				);
				hi_ch22_p000_male.mp3 = (
					audio_hi,
				);
				hi_ch22_p001_female.mp3 = (
					audio_hi,
				);
				hi_ch22_p002_male.mp3 = (
					audio_hi,
				);
				hi_ch22_p003_male.mp3 = (
					audio_hi,
				);
				hi_ch22_p004_female.mp3 = (
					audio_hi,
				);
				hi_ch22_p005_male.mp3 = (
					audio_hi,
				);
				hi_ch22_p006_narrator.mp3 = (
					audio_hi,
				);
				hi_ch22_p007_narrator.mp3 = (
					audio_hi,
				);
				hi_ch22_p008_narrator.mp3 = (
					audio_hi,
				);
				hi_ch22_p009_narrator.mp3 = (
					audio_hi,
				);
				hi_ch22_p010_narrator.mp3 = (
					audio_hi,
				);
				hi_ch22_p011_narrator.mp3 = (
					audio_hi,
				);
				hi_ch23_p000_male.mp3 = (
					audio_hi,
				);
				hi_ch23_p001_female.mp3 = (
					audio_hi,
				);
				hi_ch23_p002_narrator.mp3 = (
					audio_hi,
				);
				hi_ch23_p003_female.mp3 = (
					audio_hi,
				);
				hi_ch23_p004_male.mp3 = (
					audio_hi,
				);
				hi_ch23_p005_female.mp3 = (
					audio_hi,
				);
				hi_ch24_p000_male.mp3 = (
					audio_hi,
				);
				hi_ch24_p001_male.mp3 = (
					audio_hi,
				);
				hi_ch24_p002_female.mp3 = (
					audio_hi,
				);
				hi_ch24_p003_male.mp3 = (
					audio_hi,
				);
				hi_ch24_p004_female.mp3 = (
					audio_hi,
				);
				hi_ch24_p005_male.mp3 = (
					audio_hi,
				);
				hi_ch24_p006_female.mp3 = (
					audio_hi,
				);
				hi_ch24_p007_male.mp3 = (
					audio_hi,
				);
				hi_ch24_p008_female.mp3 = (
					audio_hi,
				);
				hi_ch24_p009_male.mp3 = (
					audio_hi,
				);
				hi_ch24_p010_female.mp3 = (
					audio_hi,
				);
				hi_ch24_p011_male.mp3 = (
					audio_hi,
				);
				hi_ch24_p012_female.mp3 = (
					audio_hi,
				);
				hi_ch24_p013_male.mp3 = (
					audio_hi,
				);
				hi_ch24_p014_female.mp3 = (
					audio_hi,
				);
				hi_ch24_p015_male.mp3 = (
					audio_hi,
				);
				hi_ch24_p016_female.mp3 = (
					audio_hi,
				);
				hi_ch24_p017_male.mp3 = (
					audio_hi,
				);
				hi_ch24_p018_female.mp3 = (
					audio_hi,
				);
				hi_ch24_p019_male.mp3 = (
					audio_hi,
				);
				hi_ch24_p020_female.mp3 = (
					audio_hi,
				);
				hi_ch24_p021_male.mp3 = (
					audio_hi,
				);
				hi_ch24_p022_female.mp3 = (
					audio_hi,
				);
				hi_ch24_p023_male.mp3 = (
					audio_hi,
				);
				hi_ch24_p024_female.mp3 = (
					audio_hi,
				);
				hi_ch25_p000_male.mp3 = (
					audio_hi,
				);
				hi_ch25_p001_female.mp3 = (
					audio_hi,
				);
				hi_ch25_p002_male.mp3 = (
					audio_hi,
				);
				hi_ch25_p003_female.mp3 = (
					audio_hi,
				);
				hi_ch25_p004_male.mp3 = (
					audio_hi,
				);
				hi_ch25_p005_female.mp3 = (
					audio_hi,
				);
				hi_ch25_p006_male.mp3 = (
					audio_hi,
				);
				hi_ch25_p007_female.mp3 = (
					audio_hi,
				);
				hi_ch25_p008_male.mp3 = (
					audio_hi,
				);
				hi_ch25_p009_narrator.mp3 = (
					audio_hi,
				);
				hi_ch25_p010_male.mp3 = (
					audio_hi,
				);
				hi_ch25_p011_male.mp3 = (
					audio_hi,
				);
				hi_ch25_p012_female.mp3 = (
					audio_hi,
				);
				hi_ch25_p013_male.mp3 = (
					audio_hi,
				);
				hi_ch25_p014_female.mp3 = (
					audio_hi,
				);
				hi_ch25_p015_narrator.mp3 = (
					audio_hi,
				);
				hi_ch25_p016_male.mp3 = (
					audio_hi,
				);
				hi_ch25_p017_female.mp3 = (
					audio_hi,
				);
				hi_ch25_p018_narrator.mp3 = (
					audio_hi,
				);
				hi_ch25_p019_narrator.mp3 = (
					audio_hi,
				);
				hi_ch25_p020_narrator.mp3 = (
					audio_hi,
				);
				hi_ch25_p021_female.mp3 = (
					audio_hi,
				);
				hi_ch26_p000_narrator.mp3 = (
					audio_hi,
				);
				hi_ch26_p001_narrator.mp3 = (
					audio_hi,
				);
				hi_ch26_p002_narrator.mp3 = (
					audio_hi,
				);
				hi_ch26_p003_narrator.mp3 = (
					audio_hi,
				);
				hi_ch27_p000_narrator.mp3 = (
					audio_hi,
				);
				hi_ch27_p001_narrator.mp3 = (
					audio_hi,
				);
				hi_ch27_p002_narrator.mp3 = (
					audio_hi,
				);
				hi_ch27_p003_narrator.mp3 = (
					audio_hi,
				);
				hi_ch27_p004_narrator.mp3 = (
					audio_hi,
				);
				hi_ch27_p005_narrator.mp3 = (
					audio_hi,
				);
				hi_ch27_p006_narrator.mp3 = (
					audio_hi,
				);
				hi_ch27_p007_narrator.mp3 = (
					audio_hi,
				);
				hi_ch27_p008_narrator.mp3 = (
					audio_hi,
				);
				hi_ch27_p009_narrator.mp3 = (
					audio_hi,
				);
				hi_ch27_p010_narrator.mp3 = (
					audio_hi,
				);
				hi_ch28_p000_narrator.mp3 = (
					audio_hi,
				);
				hi_ch28_p001_narrator.mp3 = (
					audio_hi,
				);
				hi_ch28_p002_narrator.mp3 = (
					audio_hi,
				);
				hi_ch28_p003_narrator.mp3 = (
					audio_hi,
				);
				hi_ch28_p004_narrator.mp3 = (
					audio_hi,
				);
				hi_ch28_p005_narrator.mp3 = (
					audio_hi,
				);
				hi_ch28_p006_narrator.mp3 = (
					audio_hi,
				);
				hi_ch29_p000_narrator.mp3 = (
					audio_hi,
				);
				hi_ch29_p001_narrator.mp3 = (
					audio_hi,
				);
				hi_ch29_p002_narrator.mp3 = (
					audio_hi,
				);
				hi_ch29_p003_narrator.mp3 = (
					audio_hi,
				);
				hi_ch29_p004_narrator.mp3 = (
					audio_hi,
				);
				hi_ch29_p005_narrator.mp3 = (
					audio_hi,
				);
				hi_ch29_p006_narrator.mp3 = (
					audio_hi,
				);
				hi_ch29_p007_narrator.mp3 = (
					audio_hi,
				);
				hi_ch30_p000_narrator.mp3 = (
					audio_hi,
				);
				hi_ch30_p001_narrator.mp3 = (
					audio_hi,
				);
				hi_ch30_p002_narrator.mp3 = (
					audio_hi,
				);
				hi_ch30_p003_male.mp3 = (
					audio_hi,
				);
				hi_ch30_p004_narrator.mp3 = (
					audio_hi,
				);
				hi_ch30_p005_narrator.mp3 = (
					audio_hi,
				);
				hi_ch30_p006_male.mp3 = (
					audio_hi,
				);
				hi_ch30_p007_narrator.mp3 = (
					audio_hi,
				);
				hi_ch30_p008_narrator.mp3 = (
					audio_hi,
				);
				hi_ch30_p009_narrator.mp3 = (
					audio_hi,
				);
				hi_ch30_p010_narrator.mp3 = (
					audio_hi,
				);
				hi_ch30_p011_narrator.mp3 = (
					audio_hi,
				);
				hi_ch31_p000_narrator.mp3 = (
					audio_hi,
				);
				hi_ch31_p001_narrator.mp3 = (
					audio_hi,
				);
				hi_ch32_p000_female.mp3 = (
					audio_hi,
				);
				hi_ch32_p001_female.mp3 = (
					audio_hi,
				);
				hi_ch32_p002_female.mp3 = (
					audio_hi,
				);
			};
			target = 504EC3031FED79650016851F /* App */;
		};
		5698FEE32FB32CEB000D59DD /* PBXFileSystemSynchronizedBuildFileExceptionSet */ = {
			isa = PBXFileSystemSynchronizedBuildFileExceptionSet;
			assetTagsByRelativePath = {
				th_ch01_p000_female.mp3 = (
					audio_th,
				);
				th_ch01_p001_male.mp3 = (
					audio_th,
				);
				th_ch01_p002_male.mp3 = (
					audio_th,
				);
				th_ch01_p003_female.mp3 = (
					audio_th,
				);
				th_ch01_p004_male.mp3 = (
					audio_th,
				);
				th_ch01_p005_female.mp3 = (
					audio_th,
				);
				th_ch01_p006_narrator.mp3 = (
					audio_th,
				);
				th_ch02_p000_male.mp3 = (
					audio_th,
				);
				th_ch02_p001_female.mp3 = (
					audio_th,
				);
				th_ch02_p002_narrator.mp3 = (
					audio_th,
				);
				th_ch03_p000_narrator.mp3 = (
					audio_th,
				);
				th_ch03_p001_narrator.mp3 = (
					audio_th,
				);
				th_ch04_p000_male.mp3 = (
					audio_th,
				);
				th_ch04_p001_female.mp3 = (
					audio_th,
				);
				th_ch04_p002_male.mp3 = (
					audio_th,
				);
				th_ch04_p003_female.mp3 = (
					audio_th,
				);
				th_ch04_p004_male.mp3 = (
					audio_th,
				);
				th_ch04_p005_female.mp3 = (
					audio_th,
				);
				th_ch04_p006_male.mp3 = (
					audio_th,
				);
				th_ch04_p007_male.mp3 = (
					audio_th,
				);
				th_ch04_p008_female.mp3 = (
					audio_th,
				);
				th_ch04_p009_male.mp3 = (
					audio_th,
				);
				th_ch04_p010_female.mp3 = (
					audio_th,
				);
				th_ch04_p011_narrator.mp3 = (
					audio_th,
				);
				th_ch04_p012_narrator.mp3 = (
					audio_th,
				);
				th_ch05_p000_male.mp3 = (
					audio_th,
				);
				th_ch05_p001_male.mp3 = (
					audio_th,
				);
				th_ch05_p002_female.mp3 = (
					audio_th,
				);
				th_ch05_p003_male.mp3 = (
					audio_th,
				);
				th_ch05_p004_male.mp3 = (
					audio_th,
				);
				th_ch05_p005_narrator.mp3 = (
					audio_th,
				);
				th_ch05_p006_male.mp3 = (
					audio_th,
				);
				th_ch05_p007_female.mp3 = (
					audio_th,
				);
				th_ch05_p008_male.mp3 = (
					audio_th,
				);
				th_ch05_p009_female.mp3 = (
					audio_th,
				);
				th_ch05_p010_male.mp3 = (
					audio_th,
				);
				th_ch05_p011_female.mp3 = (
					audio_th,
				);
				th_ch05_p012_male.mp3 = (
					audio_th,
				);
				th_ch05_p013_female.mp3 = (
					audio_th,
				);
				th_ch05_p014_male.mp3 = (
					audio_th,
				);
				th_ch05_p015_female.mp3 = (
					audio_th,
				);
				th_ch05_p016_male.mp3 = (
					audio_th,
				);
				th_ch05_p017_female.mp3 = (
					audio_th,
				);
				th_ch05_p018_male.mp3 = (
					audio_th,
				);
				th_ch05_p019_female.mp3 = (
					audio_th,
				);
				th_ch05_p020_male.mp3 = (
					audio_th,
				);
				th_ch05_p021_female.mp3 = (
					audio_th,
				);
				th_ch05_p022_male.mp3 = (
					audio_th,
				);
				th_ch05_p023_female.mp3 = (
					audio_th,
				);
				th_ch05_p024_male.mp3 = (
					audio_th,
				);
				th_ch05_p025_female.mp3 = (
					audio_th,
				);
				th_ch06_p000_female.mp3 = (
					audio_th,
				);
				th_ch06_p001_male.mp3 = (
					audio_th,
				);
				th_ch06_p002_male.mp3 = (
					audio_th,
				);
				th_ch06_p003_female.mp3 = (
					audio_th,
				);
				th_ch06_p004_male.mp3 = (
					audio_th,
				);
				th_ch06_p005_narrator.mp3 = (
					audio_th,
				);
				th_ch06_p006_female.mp3 = (
					audio_th,
				);
				th_ch06_p007_male.mp3 = (
					audio_th,
				);
				th_ch06_p008_female.mp3 = (
					audio_th,
				);
				th_ch07_p000_female.mp3 = (
					audio_th,
				);
				th_ch07_p001_male.mp3 = (
					audio_th,
				);
				th_ch07_p002_female.mp3 = (
					audio_th,
				);
				th_ch07_p003_male.mp3 = (
					audio_th,
				);
				th_ch07_p004_female.mp3 = (
					audio_th,
				);
				th_ch07_p005_male.mp3 = (
					audio_th,
				);
				th_ch07_p006_female.mp3 = (
					audio_th,
				);
				th_ch07_p007_male.mp3 = (
					audio_th,
				);
				th_ch07_p008_female.mp3 = (
					audio_th,
				);
				th_ch07_p009_male.mp3 = (
					audio_th,
				);
				th_ch07_p010_female.mp3 = (
					audio_th,
				);
				th_ch07_p011_male.mp3 = (
					audio_th,
				);
				th_ch07_p012_female.mp3 = (
					audio_th,
				);
				th_ch07_p013_male.mp3 = (
					audio_th,
				);
				th_ch07_p014_female.mp3 = (
					audio_th,
				);
				th_ch07_p015_male.mp3 = (
					audio_th,
				);
				th_ch07_p016_female.mp3 = (
					audio_th,
				);
				th_ch07_p017_male.mp3 = (
					audio_th,
				);
				th_ch07_p018_female.mp3 = (
					audio_th,
				);
				th_ch07_p019_male.mp3 = (
					audio_th,
				);
				th_ch07_p020_female.mp3 = (
					audio_th,
				);
				th_ch07_p021_male.mp3 = (
					audio_th,
				);
				th_ch07_p022_female.mp3 = (
					audio_th,
				);
				th_ch07_p023_male.mp3 = (
					audio_th,
				);
				th_ch07_p024_female.mp3 = (
					audio_th,
				);
				th_ch07_p025_male.mp3 = (
					audio_th,
				);
				th_ch07_p026_female.mp3 = (
					audio_th,
				);
				th_ch07_p027_male.mp3 = (
					audio_th,
				);
				th_ch07_p028_female.mp3 = (
					audio_th,
				);
				th_ch07_p029_male.mp3 = (
					audio_th,
				);
				th_ch07_p030_male.mp3 = (
					audio_th,
				);
				th_ch07_p031_female.mp3 = (
					audio_th,
				);
				th_ch08_p000_male.mp3 = (
					audio_th,
				);
				th_ch08_p001_female.mp3 = (
					audio_th,
				);
				th_ch08_p002_male.mp3 = (
					audio_th,
				);
				th_ch08_p003_female.mp3 = (
					audio_th,
				);
				th_ch08_p004_male.mp3 = (
					audio_th,
				);
				th_ch08_p005_female.mp3 = (
					audio_th,
				);
				th_ch08_p006_male.mp3 = (
					audio_th,
				);
				th_ch08_p007_female.mp3 = (
					audio_th,
				);
				th_ch08_p008_male.mp3 = (
					audio_th,
				);
				th_ch08_p009_female.mp3 = (
					audio_th,
				);
				th_ch09_p000_narrator.mp3 = (
					audio_th,
				);
				th_ch09_p001_narrator.mp3 = (
					audio_th,
				);
				th_ch09_p002_narrator.mp3 = (
					audio_th,
				);
				th_ch09_p003_narrator.mp3 = (
					audio_th,
				);
				th_ch10_p000_female.mp3 = (
					audio_th,
				);
				th_ch10_p001_male.mp3 = (
					audio_th,
				);
				th_ch10_p002_narrator.mp3 = (
					audio_th,
				);
				th_ch10_p003_male.mp3 = (
					audio_th,
				);
				th_ch10_p004_female.mp3 = (
					audio_th,
				);
				th_ch10_p005_male.mp3 = (
					audio_th,
				);
				th_ch10_p006_female.mp3 = (
					audio_th,
				);
				th_ch10_p007_narrator.mp3 = (
					audio_th,
				);
				th_ch10_p008_male.mp3 = (
					audio_th,
				);
				th_ch10_p009_female.mp3 = (
					audio_th,
				);
				th_ch10_p010_male.mp3 = (
					audio_th,
				);
				th_ch10_p011_female.mp3 = (
					audio_th,
				);
				th_ch10_p012_male.mp3 = (
					audio_th,
				);
				th_ch10_p013_female.mp3 = (
					audio_th,
				);
				th_ch10_p014_narrator.mp3 = (
					audio_th,
				);
				th_ch10_p015_narrator.mp3 = (
					audio_th,
				);
				th_ch10_p016_narrator.mp3 = (
					audio_th,
				);
				th_ch11_p000_male.mp3 = (
					audio_th,
				);
				th_ch11_p001_female.mp3 = (
					audio_th,
				);
				th_ch11_p002_female.mp3 = (
					audio_th,
				);
				th_ch12_p000_male.mp3 = (
					audio_th,
				);
				th_ch12_p001_female.mp3 = (
					audio_th,
				);
				th_ch13_p000_male.mp3 = (
					audio_th,
				);
				th_ch13_p001_female.mp3 = (
					audio_th,
				);
				th_ch14_p000_male.mp3 = (
					audio_th,
				);
				th_ch14_p001_female.mp3 = (
					audio_th,
				);
				th_ch15_p000_male.mp3 = (
					audio_th,
				);
				th_ch15_p001_female.mp3 = (
					audio_th,
				);
				th_ch15_p002_male.mp3 = (
					audio_th,
				);
				th_ch15_p003_female.mp3 = (
					audio_th,
				);
				th_ch15_p004_male.mp3 = (
					audio_th,
				);
				th_ch15_p005_female.mp3 = (
					audio_th,
				);
				th_ch15_p006_male.mp3 = (
					audio_th,
				);
				th_ch15_p007_female.mp3 = (
					audio_th,
				);
				th_ch15_p008_male.mp3 = (
					audio_th,
				);
				th_ch15_p009_female.mp3 = (
					audio_th,
				);
				th_ch15_p010_male.mp3 = (
					audio_th,
				);
				th_ch15_p011_female.mp3 = (
					audio_th,
				);
				th_ch15_p012_male.mp3 = (
					audio_th,
				);
				th_ch15_p013_female.mp3 = (
					audio_th,
				);
				th_ch15_p014_male.mp3 = (
					audio_th,
				);
				th_ch16_p000_male.mp3 = (
					audio_th,
				);
				th_ch16_p001_female.mp3 = (
					audio_th,
				);
				th_ch16_p002_male.mp3 = (
					audio_th,
				);
				th_ch16_p003_female.mp3 = (
					audio_th,
				);
				th_ch16_p004_male.mp3 = (
					audio_th,
				);
				th_ch16_p005_female.mp3 = (
					audio_th,
				);
				th_ch16_p006_male.mp3 = (
					audio_th,
				);
				th_ch16_p007_female.mp3 = (
					audio_th,
				);
				th_ch16_p008_male.mp3 = (
					audio_th,
				);
				th_ch16_p009_female.mp3 = (
					audio_th,
				);
				th_ch17_p000_male.mp3 = (
					audio_th,
				);
				th_ch17_p001_female.mp3 = (
					audio_th,
				);
				th_ch18_p000_narrator.mp3 = (
					audio_th,
				);
				th_ch19_p000_narrator.mp3 = (
					audio_th,
				);
				th_ch19_p001_narrator.mp3 = (
					audio_th,
				);
				th_ch19_p002_narrator.mp3 = (
					audio_th,
				);
				th_ch20_p000_male.mp3 = (
					audio_th,
				);
				th_ch20_p001_female.mp3 = (
					audio_th,
				);
				th_ch21_p000_narrator.mp3 = (
					audio_th,
				);
				th_ch21_p001_female.mp3 = (
					audio_th,
				);
				th_ch21_p002_male.mp3 = (
					audio_th,
				);
				th_ch21_p003_female.mp3 = (
					audio_th,
				);
				th_ch21_p004_narrator.mp3 = (
					audio_th,
				);
				th_ch22_p000_male.mp3 = (
					audio_th,
				);
				th_ch22_p001_female.mp3 = (
					audio_th,
				);
				th_ch22_p002_male.mp3 = (
					audio_th,
				);
				th_ch22_p003_male.mp3 = (
					audio_th,
				);
				th_ch22_p004_female.mp3 = (
					audio_th,
				);
				th_ch22_p005_male.mp3 = (
					audio_th,
				);
				th_ch22_p006_narrator.mp3 = (
					audio_th,
				);
				th_ch22_p007_narrator.mp3 = (
					audio_th,
				);
				th_ch22_p008_narrator.mp3 = (
					audio_th,
				);
				th_ch22_p009_narrator.mp3 = (
					audio_th,
				);
				th_ch22_p010_narrator.mp3 = (
					audio_th,
				);
				th_ch22_p011_narrator.mp3 = (
					audio_th,
				);
				th_ch23_p000_male.mp3 = (
					audio_th,
				);
				th_ch23_p001_female.mp3 = (
					audio_th,
				);
				th_ch23_p002_narrator.mp3 = (
					audio_th,
				);
				th_ch23_p003_female.mp3 = (
					audio_th,
				);
				th_ch23_p004_male.mp3 = (
					audio_th,
				);
				th_ch23_p005_female.mp3 = (
					audio_th,
				);
				th_ch24_p000_male.mp3 = (
					audio_th,
				);
				th_ch24_p001_male.mp3 = (
					audio_th,
				);
				th_ch24_p002_female.mp3 = (
					audio_th,
				);
				th_ch24_p003_male.mp3 = (
					audio_th,
				);
				th_ch24_p004_female.mp3 = (
					audio_th,
				);
				th_ch24_p005_male.mp3 = (
					audio_th,
				);
				th_ch24_p006_female.mp3 = (
					audio_th,
				);
				th_ch24_p007_male.mp3 = (
					audio_th,
				);
				th_ch24_p008_female.mp3 = (
					audio_th,
				);
				th_ch24_p009_male.mp3 = (
					audio_th,
				);
				th_ch24_p010_female.mp3 = (
					audio_th,
				);
				th_ch24_p011_male.mp3 = (
					audio_th,
				);
				th_ch24_p012_female.mp3 = (
					audio_th,
				);
				th_ch24_p013_male.mp3 = (
					audio_th,
				);
				th_ch24_p014_female.mp3 = (
					audio_th,
				);
				th_ch24_p015_male.mp3 = (
					audio_th,
				);
				th_ch24_p016_female.mp3 = (
					audio_th,
				);
				th_ch24_p017_male.mp3 = (
					audio_th,
				);
				th_ch24_p018_female.mp3 = (
					audio_th,
				);
				th_ch24_p019_male.mp3 = (
					audio_th,
				);
				th_ch24_p020_female.mp3 = (
					audio_th,
				);
				th_ch24_p021_male.mp3 = (
					audio_th,
				);
				th_ch24_p022_female.mp3 = (
					audio_th,
				);
				th_ch24_p023_male.mp3 = (
					audio_th,
				);
				th_ch24_p024_female.mp3 = (
					audio_th,
				);
				th_ch25_p000_male.mp3 = (
					audio_th,
				);
				th_ch25_p001_female.mp3 = (
					audio_th,
				);
				th_ch25_p002_male.mp3 = (
					audio_th,
				);
				th_ch25_p003_female.mp3 = (
					audio_th,
				);
				th_ch25_p004_male.mp3 = (
					audio_th,
				);
				th_ch25_p005_female.mp3 = (
					audio_th,
				);
				th_ch25_p006_male.mp3 = (
					audio_th,
				);
				th_ch25_p007_female.mp3 = (
					audio_th,
				);
				th_ch25_p008_male.mp3 = (
					audio_th,
				);
				th_ch25_p009_narrator.mp3 = (
					audio_th,
				);
				th_ch25_p010_male.mp3 = (
					audio_th,
				);
				th_ch25_p011_male.mp3 = (
					audio_th,
				);
				th_ch25_p012_female.mp3 = (
					audio_th,
				);
				th_ch25_p013_male.mp3 = (
					audio_th,
				);
				th_ch25_p014_female.mp3 = (
					audio_th,
				);
				th_ch25_p015_narrator.mp3 = (
					audio_th,
				);
				th_ch25_p016_male.mp3 = (
					audio_th,
				);
				th_ch25_p017_female.mp3 = (
					audio_th,
				);
				th_ch25_p018_narrator.mp3 = (
					audio_th,
				);
				th_ch25_p019_narrator.mp3 = (
					audio_th,
				);
				th_ch25_p020_narrator.mp3 = (
					audio_th,
				);
				th_ch25_p021_female.mp3 = (
					audio_th,
				);
				th_ch26_p000_narrator.mp3 = (
					audio_th,
				);
				th_ch26_p001_narrator.mp3 = (
					audio_th,
				);
				th_ch26_p002_narrator.mp3 = (
					audio_th,
				);
				th_ch26_p003_narrator.mp3 = (
					audio_th,
				);
				th_ch27_p000_narrator.mp3 = (
					audio_th,
				);
				th_ch27_p001_narrator.mp3 = (
					audio_th,
				);
				th_ch27_p002_narrator.mp3 = (
					audio_th,
				);
				th_ch27_p003_narrator.mp3 = (
					audio_th,
				);
				th_ch27_p004_narrator.mp3 = (
					audio_th,
				);
				th_ch27_p005_narrator.mp3 = (
					audio_th,
				);
				th_ch27_p006_narrator.mp3 = (
					audio_th,
				);
				th_ch27_p007_narrator.mp3 = (
					audio_th,
				);
				th_ch27_p008_narrator.mp3 = (
					audio_th,
				);
				th_ch27_p009_narrator.mp3 = (
					audio_th,
				);
				th_ch27_p010_narrator.mp3 = (
					audio_th,
				);
				th_ch28_p000_narrator.mp3 = (
					audio_th,
				);
				th_ch28_p001_narrator.mp3 = (
					audio_th,
				);
				th_ch28_p002_narrator.mp3 = (
					audio_th,
				);
				th_ch28_p003_narrator.mp3 = (
					audio_th,
				);
				th_ch28_p004_narrator.mp3 = (
					audio_th,
				);
				th_ch28_p005_narrator.mp3 = (
					audio_th,
				);
				th_ch28_p006_narrator.mp3 = (
					audio_th,
				);
				th_ch29_p000_narrator.mp3 = (
					audio_th,
				);
				th_ch29_p001_narrator.mp3 = (
					audio_th,
				);
				th_ch29_p002_narrator.mp3 = (
					audio_th,
				);
				th_ch29_p003_narrator.mp3 = (
					audio_th,
				);
				th_ch29_p004_narrator.mp3 = (
					audio_th,
				);
				th_ch29_p005_narrator.mp3 = (
					audio_th,
				);
				th_ch29_p006_narrator.mp3 = (
					audio_th,
				);
				th_ch29_p007_narrator.mp3 = (
					audio_th,
				);
				th_ch30_p000_narrator.mp3 = (
					audio_th,
				);
				th_ch30_p001_narrator.mp3 = (
					audio_th,
				);
				th_ch30_p002_narrator.mp3 = (
					audio_th,
				);
				th_ch30_p003_male.mp3 = (
					audio_th,
				);
				th_ch30_p004_narrator.mp3 = (
					audio_th,
				);
				th_ch30_p005_narrator.mp3 = (
					audio_th,
				);
				th_ch30_p006_male.mp3 = (
					audio_th,
				);
				th_ch30_p007_narrator.mp3 = (
					audio_th,
				);
				th_ch30_p008_narrator.mp3 = (
					audio_th,
				);
				th_ch30_p009_narrator.mp3 = (
					audio_th,
				);
				th_ch30_p010_narrator.mp3 = (
					audio_th,
				);
				th_ch30_p011_narrator.mp3 = (
					audio_th,
				);
				th_ch31_p000_narrator.mp3 = (
					audio_th,
				);
				th_ch31_p001_narrator.mp3 = (
					audio_th,
				);
				th_ch32_p000_female.mp3 = (
					audio_th,
				);
				th_ch32_p001_female.mp3 = (
					audio_th,
				);
				th_ch32_p002_female.mp3 = (
					audio_th,
				);
			};
			target = 504EC3031FED79650016851F /* App */;
		};
/* End PBXFileSystemSynchronizedBuildFileExceptionSet section */

/* Begin PBXFileSystemSynchronizedRootGroup section */
		5698F95C2FB327B3000D59DD /* fr */ = {isa = PBXFileSystemSynchronizedRootGroup; exceptions = (5698FEE12FB32CAD000D59DD /* PBXFileSystemSynchronizedBuildFileExceptionSet */, ); explicitFileTypes = {}; explicitFolders = (); path = fr; sourceTree = "<group>"; };
		5698FB912FB328BD000D59DD /* hi */ = {isa = PBXFileSystemSynchronizedRootGroup; exceptions = (5698FEE22FB32CC7000D59DD /* PBXFileSystemSynchronizedBuildFileExceptionSet */, ); explicitFileTypes = {}; explicitFolders = (); path = hi; sourceTree = "<group>"; };
		5698FDC62FB328E3000D59DD /* th */ = {isa = PBXFileSystemSynchronizedRootGroup; exceptions = (5698FEE32FB32CEB000D59DD /* PBXFileSystemSynchronizedBuildFileExceptionSet */, ); explicitFileTypes = {}; explicitFolders = (); path = th; sourceTree = "<group>"; };
/* End PBXFileSystemSynchronizedRootGroup section */

/* Begin PBXFrameworksBuildPhase section */
		504EC3011FED79650016851F /* Frameworks */ = {
			isa = PBXFrameworksBuildPhase;
			buildActionMask = 2147483647;
			files = (
				A084ECDBA7D38E1E42DFC39D /* Pods_App.framework in Frameworks */,
			);
			runOnlyForDeploymentPostprocessing = 0;
		};
/* End PBXFrameworksBuildPhase section */

/* Begin PBXGroup section */
		27E2DDA53C4D2A4D1A88CE4A /* Frameworks */ = {
			isa = PBXGroup;
			children = (
				AF277DCFFFF123FFC6DF26C7 /* Pods_App.framework */,
			);
			name = Frameworks;
			sourceTree = "<group>";
		};
		504EC2FB1FED79650016851F = {
			isa = PBXGroup;
			children = (
				504EC3061FED79650016851F /* App */,
				504EC3051FED79650016851F /* Products */,
				7F8756D8B27F46E3366F6CEA /* Pods */,
				27E2DDA53C4D2A4D1A88CE4A /* Frameworks */,
				5698F95C2FB327B3000D59DD /* fr */,
				5698FB912FB328BD000D59DD /* hi */,
				5698FDC62FB328E3000D59DD /* th */,
			);
			sourceTree = "<group>";
		};
		504EC3051FED79650016851F /* Products */ = {
			isa = PBXGroup;
			children = (
				504EC3041FED79650016851F /* App.app */,
			);
			name = Products;
			sourceTree = "<group>";
		};
		504EC3061FED79650016851F /* App */ = {
			isa = PBXGroup;
			children = (
				50379B222058CBB4000EE86E /* capacitor.config.json */,
				504EC3071FED79650016851F /* AppDelegate.swift */,
				504EC30B1FED79650016851F /* Main.storyboard */,
				504EC30E1FED79650016851F /* Assets.xcassets */,
				504EC3101FED79650016851F /* LaunchScreen.storyboard */,
				504EC3131FED79650016851F /* Info.plist */,
				2FAD9762203C412B000D30F8 /* config.xml */,
				50B271D01FEDC1A000F3C39B /* public */,
			);
			path = App;
			sourceTree = "<group>";
		};
		7F8756D8B27F46E3366F6CEA /* Pods */ = {
			isa = PBXGroup;
			children = (
				FC68EB0AF532CFC21C3344DD /* Pods-App.debug.xcconfig */,
				AF51FD2D460BCFE21FA515B2 /* Pods-App.release.xcconfig */,
			);
			name = Pods;
			sourceTree = "<group>";
		};
/* End PBXGroup section */

/* Begin PBXNativeTarget section */
		504EC3031FED79650016851F /* App */ = {
			isa = PBXNativeTarget;
			buildConfigurationList = 504EC3161FED79650016851F /* Build configuration list for PBXNativeTarget "App" */;
			buildPhases = (
				6634F4EFEBD30273BCE97C65 /* [CP] Check Pods Manifest.lock */,
				504EC3001FED79650016851F /* Sources */,
				504EC3011FED79650016851F /* Frameworks */,
				504EC3021FED79650016851F /* Resources */,
				9592DBEFFC6D2A0C8D5DEB22 /* [CP] Embed Pods Frameworks */,
			);
			buildRules = (
			);
			dependencies = (
			);
			fileSystemSynchronizedGroups = (
				5698F95C2FB327B3000D59DD /* fr */,
				5698FB912FB328BD000D59DD /* hi */,
				5698FDC62FB328E3000D59DD /* th */,
			);
			name = App;
			productName = App;
			productReference = 504EC3041FED79650016851F /* App.app */;
			productType = "com.apple.product-type.application";
		};
/* End PBXNativeTarget section */

/* Begin PBXProject section */
		504EC2FC1FED79650016851F /* Project object */ = {
			isa = PBXProject;
			attributes = {
				KnownAssetTags = (
					audio_fr,
					audio_hi,
					audio_th,
				);
				LastSwiftUpdateCheck = 0920;
				LastUpgradeCheck = 0920;
				TargetAttributes = {
					504EC3031FED79650016851F = {
						CreatedOnToolsVersion = 9.2;
						LastSwiftMigration = 1100;
						ProvisioningStyle = Automatic;
					};
				};
			};
			buildConfigurationList = 504EC2FF1FED79650016851F /* Build configuration list for PBXProject "App" */;
			developmentRegion = en;
			hasScannedForEncodings = 0;
			knownRegions = (
				en,
				Base,
			);
			mainGroup = 504EC2FB1FED79650016851F;
			packageReferences = (
			);
			preferredProjectObjectVersion = 48;
			productRefGroup = 504EC3051FED79650016851F /* Products */;
			projectDirPath = "";
			projectRoot = "";
			targets = (
				504EC3031FED79650016851F /* App */,
			);
		};
/* End PBXProject section */

/* Begin PBXResourcesBuildPhase section */
		504EC3021FED79650016851F /* Resources */ = {
			isa = PBXResourcesBuildPhase;
			buildActionMask = 2147483647;
			files = (
				504EC3121FED79650016851F /* LaunchScreen.storyboard in Resources */,
				50B271D11FEDC1A000F3C39B /* public in Resources */,
				504EC30F1FED79650016851F /* Assets.xcassets in Resources */,
				50379B232058CBB4000EE86E /* capacitor.config.json in Resources */,
				504EC30D1FED79650016851F /* Main.storyboard in Resources */,
				2FAD9763203C412B000D30F8 /* config.xml in Resources */,
			);
			runOnlyForDeploymentPostprocessing = 0;
		};
/* End PBXResourcesBuildPhase section */

/* Begin PBXShellScriptBuildPhase section */
		6634F4EFEBD30273BCE97C65 /* [CP] Check Pods Manifest.lock */ = {
			isa = PBXShellScriptBuildPhase;
			buildActionMask = 2147483647;
			files = (
			);
			inputPaths = (
				"${PODS_PODFILE_DIR_PATH}/Podfile.lock",
				"${PODS_ROOT}/Manifest.lock",
			);
			name = "[CP] Check Pods Manifest.lock";
			outputPaths = (
				"$(DERIVED_FILE_DIR)/Pods-App-checkManifestLockResult.txt",
			);
			runOnlyForDeploymentPostprocessing = 0;
			shellPath = /bin/sh;
			shellScript = "diff \"${PODS_PODFILE_DIR_PATH}/Podfile.lock\" \"${PODS_ROOT}/Manifest.lock\" > /dev/null\nif [ $? != 0 ] ; then\n    # print error to STDERR\n    echo \"error: The sandbox is not in sync with the Podfile.lock. Run 'pod install' or update your CocoaPods installation.\" >&2\n    exit 1\nfi\n# This output is used by Xcode 'outputs' to avoid re-running this script phase.\necho \"SUCCESS\" > \"${SCRIPT_OUTPUT_FILE_0}\"\n";
			showEnvVarsInLog = 0;
		};
		9592DBEFFC6D2A0C8D5DEB22 /* [CP] Embed Pods Frameworks */ = {
			isa = PBXShellScriptBuildPhase;
			buildActionMask = 2147483647;
			files = (
			);
			inputPaths = (
			);
			name = "[CP] Embed Pods Frameworks";
			outputPaths = (
			);
			runOnlyForDeploymentPostprocessing = 0;
			shellPath = /bin/sh;
			shellScript = "\"${PODS_ROOT}/Target Support Files/Pods-App/Pods-App-frameworks.sh\"\n";
			showEnvVarsInLog = 0;
		};
/* End PBXShellScriptBuildPhase section */

/* Begin PBXSourcesBuildPhase section */
		504EC3001FED79650016851F /* Sources */ = {
			isa = PBXSourcesBuildPhase;
			buildActionMask = 2147483647;
			files = (
				504EC3081FED79650016851F /* AppDelegate.swift in Sources */,
			);
			runOnlyForDeploymentPostprocessing = 0;
		};
/* End PBXSourcesBuildPhase section */

/* Begin PBXVariantGroup section */
		504EC30B1FED79650016851F /* Main.storyboard */ = {
			isa = PBXVariantGroup;
			children = (
				504EC30C1FED79650016851F /* Base */,
			);
			name = Main.storyboard;
			sourceTree = "<group>";
		};
		504EC3101FED79650016851F /* LaunchScreen.storyboard */ = {
			isa = PBXVariantGroup;
			children = (
				504EC3111FED79650016851F /* Base */,
			);
			name = LaunchScreen.storyboard;
			sourceTree = "<group>";
		};
/* End PBXVariantGroup section */

/* Begin XCBuildConfiguration section */
		504EC3141FED79650016851F /* Debug */ = {
			isa = XCBuildConfiguration;
			buildSettings = {
				ALWAYS_SEARCH_USER_PATHS = NO;
				CLANG_ANALYZER_NONNULL = YES;
				CLANG_ANALYZER_NUMBER_OBJECT_CONVERSION = YES_AGGRESSIVE;
				CLANG_CXX_LANGUAGE_STANDARD = "gnu++14";
				CLANG_CXX_LIBRARY = "libc++";
				CLANG_ENABLE_MODULES = YES;
				CLANG_ENABLE_OBJC_ARC = YES;
				CLANG_WARN_BLOCK_CAPTURE_AUTORELEASING = YES;
				CLANG_WARN_BOOL_CONVERSION = YES;
				CLANG_WARN_COMMA = YES;
				CLANG_WARN_CONSTANT_CONVERSION = YES;
				CLANG_WARN_DIRECT_OBJC_ISA_USAGE = YES_ERROR;
				CLANG_WARN_DOCUMENTATION_COMMENTS = YES;
				CLANG_WARN_EMPTY_BODY = YES;
				CLANG_WARN_ENUM_CONVERSION = YES;
				CLANG_WARN_INFINITE_RECURSION = YES;
				CLANG_WARN_INT_CONVERSION = YES;
				CLANG_WARN_NON_LITERAL_NULL_CONVERSION = YES;
				CLANG_WARN_OBJC_LITERAL_CONVERSION = YES;
				CLANG_WARN_OBJC_ROOT_CLASS = YES_ERROR;
				CLANG_WARN_RANGE_LOOP_ANALYSIS = YES;
				CLANG_WARN_STRICT_PROTOTYPES = YES;
				CLANG_WARN_SUSPICIOUS_MOVE = YES;
				CLANG_WARN_UNGUARDED_AVAILABILITY = YES_AGGRESSIVE;
				CLANG_WARN_UNREACHABLE_CODE = YES;
				CLANG_WARN__DUPLICATE_METHOD_MATCH = YES;
				CODE_SIGN_IDENTITY = "iPhone Developer";
				COPY_PHASE_STRIP = NO;
				DEBUG_INFORMATION_FORMAT = dwarf;
				ENABLE_STRICT_OBJC_MSGSEND = YES;
				ENABLE_TESTABILITY = YES;
				GCC_C_LANGUAGE_STANDARD = gnu11;
				GCC_DYNAMIC_NO_PIC = NO;
				GCC_NO_COMMON_BLOCKS = YES;
				GCC_OPTIMIZATION_LEVEL = 0;
				GCC_PREPROCESSOR_DEFINITIONS = (
					"DEBUG=1",
					"$(inherited)",
				);
				GCC_WARN_64_TO_32_BIT_CONVERSION = YES;
				GCC_WARN_ABOUT_RETURN_TYPE = YES_ERROR;
				GCC_WARN_UNDECLARED_SELECTOR = YES;
				GCC_WARN_UNINITIALIZED_AUTOS = YES_AGGRESSIVE;
				GCC_WARN_UNUSED_FUNCTION = YES;
				GCC_WARN_UNUSED_VARIABLE = YES;
				IPHONEOS_DEPLOYMENT_TARGET = 13.0;
				MTL_ENABLE_DEBUG_INFO = YES;
				ONLY_ACTIVE_ARCH = YES;
				SDKROOT = iphoneos;
				SWIFT_ACTIVE_COMPILATION_CONDITIONS = DEBUG;
				SWIFT_OPTIMIZATION_LEVEL = "-Onone";
			};
			name = Debug;
		};
		504EC3151FED79650016851F /* Release */ = {
			isa = XCBuildConfiguration;
			buildSettings = {
				ALWAYS_SEARCH_USER_PATHS = NO;
				CLANG_ANALYZER_NONNULL = YES;
				CLANG_ANALYZER_NUMBER_OBJECT_CONVERSION = YES_AGGRESSIVE;
				CLANG_CXX_LANGUAGE_STANDARD = "gnu++14";
				CLANG_CXX_LIBRARY = "libc++";
				CLANG_ENABLE_MODULES = YES;
				CLANG_ENABLE_OBJC_ARC = YES;
				CLANG_WARN_BLOCK_CAPTURE_AUTORELEASING = YES;
				CLANG_WARN_BOOL_CONVERSION = YES;
				CLANG_WARN_COMMA = YES;
				CLANG_WARN_CONSTANT_CONVERSION = YES;
				CLANG_WARN_DIRECT_OBJC_ISA_USAGE = YES_ERROR;
				CLANG_WARN_DOCUMENTATION_COMMENTS = YES;
				CLANG_WARN_EMPTY_BODY = YES;
				CLANG_WARN_ENUM_CONVERSION = YES;
				CLANG_WARN_INFINITE_RECURSION = YES;
				CLANG_WARN_INT_CONVERSION = YES;
				CLANG_WARN_NON_LITERAL_NULL_CONVERSION = YES;
				CLANG_WARN_OBJC_LITERAL_CONVERSION = YES;
				CLANG_WARN_OBJC_ROOT_CLASS = YES_ERROR;
				CLANG_WARN_RANGE_LOOP_ANALYSIS = YES;
				CLANG_WARN_STRICT_PROTOTYPES = YES;
				CLANG_WARN_SUSPICIOUS_MOVE = YES;
				CLANG_WARN_UNGUARDED_AVAILABILITY = YES_AGGRESSIVE;
				CLANG_WARN_UNREACHABLE_CODE = YES;
				CLANG_WARN__DUPLICATE_METHOD_MATCH = YES;
				CODE_SIGN_IDENTITY = "iPhone Developer";
				COPY_PHASE_STRIP = NO;
				DEBUG_INFORMATION_FORMAT = "dwarf-with-dsym";
				ENABLE_NS_ASSERTIONS = NO;
				ENABLE_STRICT_OBJC_MSGSEND = YES;
				GCC_C_LANGUAGE_STANDARD = gnu11;
				GCC_NO_COMMON_BLOCKS = YES;
				GCC_WARN_64_TO_32_BIT_CONVERSION = YES;
				GCC_WARN_ABOUT_RETURN_TYPE = YES_ERROR;
				GCC_WARN_UNDECLARED_SELECTOR = YES;
				GCC_WARN_UNINITIALIZED_AUTOS = YES_AGGRESSIVE;
				GCC_WARN_UNUSED_FUNCTION = YES;
				GCC_WARN_UNUSED_VARIABLE = YES;
				IPHONEOS_DEPLOYMENT_TARGET = 13.0;
				MTL_ENABLE_DEBUG_INFO = NO;
				SDKROOT = iphoneos;
				SWIFT_COMPILATION_MODE = wholemodule;
				SWIFT_OPTIMIZATION_LEVEL = "-O";
				VALIDATE_PRODUCT = YES;
			};
			name = Release;
		};
		504EC3171FED79650016851F /* Debug */ = {
			isa = XCBuildConfiguration;
			baseConfigurationReference = FC68EB0AF532CFC21C3344DD /* Pods-App.debug.xcconfig */;
			buildSettings = {
				ASSETCATALOG_COMPILER_APPICON_NAME = AppIcon;
				CODE_SIGN_STYLE = Automatic;
				CURRENT_PROJECT_VERSION = 1;
				INFOPLIST_FILE = App/Info.plist;
				IPHONEOS_DEPLOYMENT_TARGET = 13.0;
				LD_RUNPATH_SEARCH_PATHS = (
					"$(inherited)",
					"@executable_path/Frameworks",
				);
				MARKETING_VERSION = 1.0;
				OTHER_SWIFT_FLAGS = "$(inherited) \"-D\" \"COCOAPODS\" \"-DDEBUG\"";
				PRODUCT_BUNDLE_IDENTIFIER = com.rahilmundkur.jugalbandhiself;
				PRODUCT_NAME = "$(TARGET_NAME)";
				SWIFT_ACTIVE_COMPILATION_CONDITIONS = DEBUG;
				SWIFT_VERSION = 5.0;
				TARGETED_DEVICE_FAMILY = "1,2";
			};
			name = Debug;
		};
		504EC3181FED79650016851F /* Release */ = {
			isa = XCBuildConfiguration;
			baseConfigurationReference = AF51FD2D460BCFE21FA515B2 /* Pods-App.release.xcconfig */;
			buildSettings = {
				ASSETCATALOG_COMPILER_APPICON_NAME = AppIcon;
				CODE_SIGN_STYLE = Automatic;
				CURRENT_PROJECT_VERSION = 1;
				INFOPLIST_FILE = App/Info.plist;
				IPHONEOS_DEPLOYMENT_TARGET = 13.0;
				LD_RUNPATH_SEARCH_PATHS = (
					"$(inherited)",
					"@executable_path/Frameworks",
				);
				MARKETING_VERSION = 1.0;
				PRODUCT_BUNDLE_IDENTIFIER = com.rahilmundkur.jugalbandhiself;
				PRODUCT_NAME = "$(TARGET_NAME)";
				SWIFT_ACTIVE_COMPILATION_CONDITIONS = "";
				SWIFT_VERSION = 5.0;
				TARGETED_DEVICE_FAMILY = "1,2";
			};
			name = Release;
		};
/* End XCBuildConfiguration section */

/* Begin XCConfigurationList section */
		504EC2FF1FED79650016851F /* Build configuration list for PBXProject "App" */ = {
			isa = XCConfigurationList;
			buildConfigurations = (
				504EC3141FED79650016851F /* Debug */,
				504EC3151FED79650016851F /* Release */,
			);
			defaultConfigurationIsVisible = 0;
			defaultConfigurationName = Release;
		};
		504EC3161FED79650016851F /* Build configuration list for PBXNativeTarget "App" */ = {
			isa = XCConfigurationList;
			buildConfigurations = (
				504EC3171FED79650016851F /* Debug */,
				504EC3181FED79650016851F /* Release */,
			);
			defaultConfigurationIsVisible = 0;
			defaultConfigurationName = Release;
		};
/* End XCConfigurationList section */
	};
	rootObject = 504EC2FC1FED79650016851F /* Project object */;
}
